
Microsoft Visual Studio Solution File, Format Version 12.00
# Visual Studio 15
VisualStudioVersion = 15.0.28307.572
MinimumVisualStudioVersion = 10.0.40219.1
Project("{FAE04EC0-301F-11D3-BF4B-00C04F79EFBC}") = "ExternalFormGenerate", "ExternalFormGenerate\ExternalFormGenerate.csproj", "{2B9A6FAA-4B7F-498C-96B1-6E61F9C2C765}"
EndProject
Project("{FAE04EC0-301F-11D3-BF4B-00C04F79EFBC}") = "ExternalFormGenerateV2", "ExternalFormGenerateV2\ExternalFormGenerateV2.csproj", "{14BBEE78-4192-41AF-87BB-DDE5C47301FA}"
EndProject
Project("{FAE04EC0-301F-11D3-BF4B-00C04F79EFBC}") = "GenTableSchema", "GenTableSchema\GenTableSchema.csproj", "{1D73670B-58F9-449B-82D4-0898E255AB70}"
EndProject
Project("{FAE04EC0-301F-11D3-BF4B-00C04F79EFBC}") = "RSAKeyGenerate", "RSAKeyGenerate\RSAKeyGenerate.csproj", "{DA22EEC8-B75A-4B14-B283-6E11C7C510EA}"
EndProject
Project("{FAE04EC0-301F-11D3-BF4B-00C04F79EFBC}") = "SQLHelper", "SQLHelper\SQLHelper.csproj", "{24BD3963-F477-4919-BFBF-1ADAE657680B}"
EndProject
Project("{FAE04EC0-301F-11D3-BF4B-00C04F79EFBC}") = "ShangxianForm", "ShangxianForm\ShangxianForm.csproj", "{37C4FDAF-7054-48BD-9E1A-F7224C442C87}"
EndProject
Project("{FAE04EC0-301F-11D3-BF4B-00C04F79EFBC}") = "UploadPhoto", "UploadPhoto\UploadPhoto.csproj", "{77FDF7AB-9EFC-4550-8245-0FDD4FD12929}"
EndProject
Project("{FAE04EC0-301F-11D3-BF4B-00C04F79EFBC}") = "TTFormCreate", "TTFormCreate\TTFormCreate.csproj", "{DEFE0BBB-AB8C-4D08-B064-71922F51C666}"
EndProject
Project("{FAE04EC0-301F-11D3-BF4B-00C04F79EFBC}") = "MenuSetting", "MenuSetting\MenuSetting.csproj", "{D5CCBA9E-2AD2-48BE-B7AA-B1FFD5EB877A}"
EndProject
Project("{FAE04EC0-301F-11D3-BF4B-00C04F79EFBC}") = "LicenseGen", "LicenseGen\LicenseGen.csproj", "{F624E59A-8178-40EB-9B39-DDD26B49CCAB}"
EndProject
Project("{FAE04EC0-301F-11D3-BF4B-00C04F79EFBC}") = "SetAutoNumberField", "SetAutoNumberField\SetAutoNumberField.csproj", "{2780F72B-8EFA-4671-A146-5A57225F99A9}"
EndProject
Global
	GlobalSection(SolutionConfigurationPlatforms) = preSolution
		Debug|Any CPU = Debug|Any CPU
		Debug|x86 = Debug|x86
		Release|Any CPU = Release|Any CPU
		Release|x86 = Release|x86
	EndGlobalSection
	GlobalSection(ProjectConfigurationPlatforms) = postSolution
		{2B9A6FAA-4B7F-498C-96B1-6E61F9C2C765}.Debug|Any CPU.ActiveCfg = Debug|x86
		{2B9A6FAA-4B7F-498C-96B1-6E61F9C2C765}.Debug|x86.ActiveCfg = Debug|x86
		{2B9A6FAA-4B7F-498C-96B1-6E61F9C2C765}.Debug|x86.Build.0 = Debug|x86
		{2B9A6FAA-4B7F-498C-96B1-6E61F9C2C765}.Release|Any CPU.ActiveCfg = Release|x86
		{2B9A6FAA-4B7F-498C-96B1-6E61F9C2C765}.Release|x86.ActiveCfg = Release|x86
		{2B9A6FAA-4B7F-498C-96B1-6E61F9C2C765}.Release|x86.Build.0 = Release|x86
		{14BBEE78-4192-41AF-87BB-DDE5C47301FA}.Debug|Any CPU.ActiveCfg = Debug|Any CPU
		{14BBEE78-4192-41AF-87BB-DDE5C47301FA}.Debug|Any CPU.Build.0 = Debug|Any CPU
		{14BBEE78-4192-41AF-87BB-DDE5C47301FA}.Debug|x86.ActiveCfg = Debug|Any CPU
		{14BBEE78-4192-41AF-87BB-DDE5C47301FA}.Debug|x86.Build.0 = Debug|Any CPU
		{14BBEE78-4192-41AF-87BB-DDE5C47301FA}.Release|Any CPU.ActiveCfg = Release|Any CPU
		{14BBEE78-4192-41AF-87BB-DDE5C47301FA}.Release|Any CPU.Build.0 = Release|Any CPU
		{14BBEE78-4192-41AF-87BB-DDE5C47301FA}.Release|x86.ActiveCfg = Release|Any CPU
		{14BBEE78-4192-41AF-87BB-DDE5C47301FA}.Release|x86.Build.0 = Release|Any CPU
		{1D73670B-58F9-449B-82D4-0898E255AB70}.Debug|Any CPU.ActiveCfg = Debug|Any CPU
		{1D73670B-58F9-449B-82D4-0898E255AB70}.Debug|Any CPU.Build.0 = Debug|Any CPU
		{1D73670B-58F9-449B-82D4-0898E255AB70}.Debug|x86.ActiveCfg = Debug|Any CPU
		{1D73670B-58F9-449B-82D4-0898E255AB70}.Debug|x86.Build.0 = Debug|Any CPU
		{1D73670B-58F9-449B-82D4-0898E255AB70}.Release|Any CPU.ActiveCfg = Release|Any CPU
		{1D73670B-58F9-449B-82D4-0898E255AB70}.Release|Any CPU.Build.0 = Release|Any CPU
		{1D73670B-58F9-449B-82D4-0898E255AB70}.Release|x86.ActiveCfg = Release|Any CPU
		{1D73670B-58F9-449B-82D4-0898E255AB70}.Release|x86.Build.0 = Release|Any CPU
		{DA22EEC8-B75A-4B14-B283-6E11C7C510EA}.Debug|Any CPU.ActiveCfg = Debug|Any CPU
		{DA22EEC8-B75A-4B14-B283-6E11C7C510EA}.Debug|Any CPU.Build.0 = Debug|Any CPU
		{DA22EEC8-B75A-4B14-B283-6E11C7C510EA}.Debug|x86.ActiveCfg = Debug|Any CPU
		{DA22EEC8-B75A-4B14-B283-6E11C7C510EA}.Debug|x86.Build.0 = Debug|Any CPU
		{DA22EEC8-B75A-4B14-B283-6E11C7C510EA}.Release|Any CPU.ActiveCfg = Release|Any CPU
		{DA22EEC8-B75A-4B14-B283-6E11C7C510EA}.Release|Any CPU.Build.0 = Release|Any CPU
		{DA22EEC8-B75A-4B14-B283-6E11C7C510EA}.Release|x86.ActiveCfg = Release|Any CPU
		{DA22EEC8-B75A-4B14-B283-6E11C7C510EA}.Release|x86.Build.0 = Release|Any CPU
		{24BD3963-F477-4919-BFBF-1ADAE657680B}.Debug|Any CPU.ActiveCfg = Debug|Any CPU
		{24BD3963-F477-4919-BFBF-1ADAE657680B}.Debug|Any CPU.Build.0 = Debug|Any CPU
		{24BD3963-F477-4919-BFBF-1ADAE657680B}.Debug|x86.ActiveCfg = Debug|Any CPU
		{24BD3963-F477-4919-BFBF-1ADAE657680B}.Debug|x86.Build.0 = Debug|Any CPU
		{24BD3963-F477-4919-BFBF-1ADAE657680B}.Release|Any CPU.ActiveCfg = Release|Any CPU
		{24BD3963-F477-4919-BFBF-1ADAE657680B}.Release|Any CPU.Build.0 = Release|Any CPU
		{24BD3963-F477-4919-BFBF-1ADAE657680B}.Release|x86.ActiveCfg = Release|Any CPU
		{24BD3963-F477-4919-BFBF-1ADAE657680B}.Release|x86.Build.0 = Release|Any CPU
		{37C4FDAF-7054-48BD-9E1A-F7224C442C87}.Debug|Any CPU.ActiveCfg = Debug|Any CPU
		{37C4FDAF-7054-48BD-9E1A-F7224C442C87}.Debug|Any CPU.Build.0 = Debug|Any CPU
		{37C4FDAF-7054-48BD-9E1A-F7224C442C87}.Debug|x86.ActiveCfg = Debug|Any CPU
		{37C4FDAF-7054-48BD-9E1A-F7224C442C87}.Debug|x86.Build.0 = Debug|Any CPU
		{37C4FDAF-7054-48BD-9E1A-F7224C442C87}.Release|Any CPU.ActiveCfg = Release|Any CPU
		{37C4FDAF-7054-48BD-9E1A-F7224C442C87}.Release|Any CPU.Build.0 = Release|Any CPU
		{37C4FDAF-7054-48BD-9E1A-F7224C442C87}.Release|x86.ActiveCfg = Release|Any CPU
		{37C4FDAF-7054-48BD-9E1A-F7224C442C87}.Release|x86.Build.0 = Release|Any CPU
		{77FDF7AB-9EFC-4550-8245-0FDD4FD12929}.Debug|Any CPU.ActiveCfg = Debug|Any CPU
		{77FDF7AB-9EFC-4550-8245-0FDD4FD12929}.Debug|Any CPU.Build.0 = Debug|Any CPU
		{77FDF7AB-9EFC-4550-8245-0FDD4FD12929}.Debug|x86.ActiveCfg = Debug|Any CPU
		{77FDF7AB-9EFC-4550-8245-0FDD4FD12929}.Debug|x86.Build.0 = Debug|Any CPU
		{77FDF7AB-9EFC-4550-8245-0FDD4FD12929}.Release|Any CPU.ActiveCfg = Release|Any CPU
		{77FDF7AB-9EFC-4550-8245-0FDD4FD12929}.Release|Any CPU.Build.0 = Release|Any CPU
		{77FDF7AB-9EFC-4550-8245-0FDD4FD12929}.Release|x86.ActiveCfg = Release|Any CPU
		{77FDF7AB-9EFC-4550-8245-0FDD4FD12929}.Release|x86.Build.0 = Release|Any CPU
		{DEFE0BBB-AB8C-4D08-B064-71922F51C666}.Debug|Any CPU.ActiveCfg = Debug|Any CPU
		{DEFE0BBB-AB8C-4D08-B064-71922F51C666}.Debug|Any CPU.Build.0 = Debug|Any CPU
		{DEFE0BBB-AB8C-4D08-B064-71922F51C666}.Debug|x86.ActiveCfg = Debug|Any CPU
		{DEFE0BBB-AB8C-4D08-B064-71922F51C666}.Debug|x86.Build.0 = Debug|Any CPU
		{DEFE0BBB-AB8C-4D08-B064-71922F51C666}.Release|Any CPU.ActiveCfg = Release|Any CPU
		{DEFE0BBB-AB8C-4D08-B064-71922F51C666}.Release|Any CPU.Build.0 = Release|Any CPU
		{DEFE0BBB-AB8C-4D08-B064-71922F51C666}.Release|x86.ActiveCfg = Release|Any CPU
		{DEFE0BBB-AB8C-4D08-B064-71922F51C666}.Release|x86.Build.0 = Release|Any CPU
		{D5CCBA9E-2AD2-48BE-B7AA-B1FFD5EB877A}.Debug|Any CPU.ActiveCfg = Debug|Any CPU
		{D5CCBA9E-2AD2-48BE-B7AA-B1FFD5EB877A}.Debug|Any CPU.Build.0 = Debug|Any CPU
		{D5CCBA9E-2AD2-48BE-B7AA-B1FFD5EB877A}.Debug|x86.ActiveCfg = Debug|Any CPU
		{D5CCBA9E-2AD2-48BE-B7AA-B1FFD5EB877A}.Debug|x86.Build.0 = Debug|Any CPU
		{D5CCBA9E-2AD2-48BE-B7AA-B1FFD5EB877A}.Release|Any CPU.ActiveCfg = Release|Any CPU
		{D5CCBA9E-2AD2-48BE-B7AA-B1FFD5EB877A}.Release|Any CPU.Build.0 = Release|Any CPU
		{D5CCBA9E-2AD2-48BE-B7AA-B1FFD5EB877A}.Release|x86.ActiveCfg = Release|Any CPU
		{D5CCBA9E-2AD2-48BE-B7AA-B1FFD5EB877A}.Release|x86.Build.0 = Release|Any CPU
		{F624E59A-8178-40EB-9B39-DDD26B49CCAB}.Debug|Any CPU.ActiveCfg = Debug|Any CPU
		{F624E59A-8178-40EB-9B39-DDD26B49CCAB}.Debug|Any CPU.Build.0 = Debug|Any CPU
		{F624E59A-8178-40EB-9B39-DDD26B49CCAB}.Debug|x86.ActiveCfg = Debug|Any CPU
		{F624E59A-8178-40EB-9B39-DDD26B49CCAB}.Debug|x86.Build.0 = Debug|Any CPU
		{F624E59A-8178-40EB-9B39-DDD26B49CCAB}.Release|Any CPU.ActiveCfg = Release|Any CPU
		{F624E59A-8178-40EB-9B39-DDD26B49CCAB}.Release|Any CPU.Build.0 = Release|Any CPU
		{F624E59A-8178-40EB-9B39-DDD26B49CCAB}.Release|x86.ActiveCfg = Release|Any CPU
		{F624E59A-8178-40EB-9B39-DDD26B49CCAB}.Release|x86.Build.0 = Release|Any CPU
		{2780F72B-8EFA-4671-A146-5A57225F99A9}.Debug|Any CPU.ActiveCfg = Debug|Any CPU
		{2780F72B-8EFA-4671-A146-5A57225F99A9}.Debug|Any CPU.Build.0 = Debug|Any CPU
		{2780F72B-8EFA-4671-A146-5A57225F99A9}.Debug|x86.ActiveCfg = Debug|Any CPU
		{2780F72B-8EFA-4671-A146-5A57225F99A9}.Debug|x86.Build.0 = Debug|Any CPU
		{2780F72B-8EFA-4671-A146-5A57225F99A9}.Release|Any CPU.ActiveCfg = Release|Any CPU
		{2780F72B-8EFA-4671-A146-5A57225F99A9}.Release|Any CPU.Build.0 = Release|Any CPU
		{2780F72B-8EFA-4671-A146-5A57225F99A9}.Release|x86.ActiveCfg = Release|Any CPU
		{2780F72B-8EFA-4671-A146-5A57225F99A9}.Release|x86.Build.0 = Release|Any CPU
	EndGlobalSection
	GlobalSection(SolutionProperties) = preSolution
		HideSolutionNode = FALSE
	EndGlobalSection
	GlobalSection(ExtensibilityGlobals) = postSolution
		SolutionGuid = {2F792AB8-C39A-4C59-9074-AEB10A384A11}
	EndGlobalSection
EndGlobal
